{
  "name": "test-npm-project",
  "version": "1.0.0",
  "lockfileVersion": 2,
  "requires": true,
  "packages": {
    "": {
      "name": "test-npm-project",
      "version": "1.0.0",
      "dependencies": {
        "axios": "^0.21.0",
        "lodash": "^4.17.0",
        "moment": "^2.29.0"
      },
      "devDependencies": {
        "jest": "^27.0.0"
      }
    },
    "node_modules/axios": {
      "version": "0.21.4",
      "resolved": "https://registry.npmjs.org/axios/-/axios-0.21.4.tgz",
      "dependencies": {
        "follow-redirects": "^1.14.0"
      }
    },
    "node_modules/follow-redirects": {
      "version": "1.15.2",
      "resolved": "https://registry.npmjs.org/follow-redirects/-/follow-redirects-1.15.2.tgz"
    },
    "node_modules/lodash": {
      "version": "4.17.21",
      "resolved": "https://registry.npmjs.org/lodash/-/lodash-4.17.21.tgz"
    },
    "node_modules/moment": {
      "version": "2.29.4",
      "resolved": "https://registry.npmjs.org/moment/-/moment-2.29.4.tgz"
    },
    "node_modules/jest": {
      "version": "27.5.1",
      "resolved": "https://registry.npmjs.org/jest/-/jest-27.5.1.tgz",
      "dev": true,
      "dependencies": {
        "lodash": "^4.17.20"
      }
    },
    "node_modules/jest/node_modules/lodash": {
      "version": "4.17.19",
      "resolved": "https://registry.npmjs.org/lodash/-/lodash-4.17.19.tgz",
      "dev": true
    }
  },
  "dependencies": {
    "axios": {
      "version": "0.21.4",
      "requires": {
        "follow-redirects": "^1.14.0"
      }
    },
    "follow-redirects": {
      "version": "1.15.2"
    },
    "lodash": {
      "version": "4.17.21"
    },
    "moment": {
      "version": "2.29.4"
    },
    "jest": {
      "version": "27.5.1",
      "dev": true,
      "requires": {
        "lodash": "^4.17.20"
      },
      "dependencies": {
        "lodash": {
          "version": "4.17.19"
        }
      }
    }
  }
}
